
Microsoft Visual Studio Solution File, Format Version 12.00
# Visual Studio 15
VisualStudioVersion = 15.0.28307.1340
MinimumVisualStudioVersion = 10.0.40219.1
Project("{FAE04EC0-301F-11D3-BF4B-00C04F79EFBC}") = "Eng360Web", "WebApplication2\Eng360Web.csproj", "{F99BF517-F498-49E9-92EB-1436FF0DA5FB}"
EndProject
Global
	GlobalSection(SolutionConfigurationPlatforms) = preSolution
		Debug|Any CPU = Debug|Any CPU
		Release|Any CPU = Release|Any CPU
	EndGlobalSection
	GlobalSection(ProjectConfigurationPlatforms) = postSolution
		{F99BF517-F498-49E9-92EB-1436FF0DA5FB}.Debug|Any CPU.ActiveCfg = Debug|Any CPU
		{F99BF517-F498-49E9-92EB-1436FF0DA5FB}.Debug|Any CPU.Build.0 = Debug|Any CPU
		{F99BF517-F498-49E9-92EB-1436FF0DA5FB}.Release|Any CPU.ActiveCfg = Release|Any CPU
		{F99BF517-F498-49E9-92EB-1436FF0DA5FB}.Release|Any CPU.Build.0 = Release|Any CPU
	EndGlobalSection
	GlobalSection(SolutionProperties) = preSolution
		HideSolutionNode = FALSE
	EndGlobalSection
	GlobalSection(ExtensibilityGlobals) = postSolution
		SolutionGuid = {B17B3F62-5538-4032-AA3A-712AD2E9118A}
	EndGlobalSection
EndGlobal
